PODS:
  - Flutter (1.0.0)
  - google_maps_flutter (0.0.1):
    - Flutter
    - GoogleMaps
  - GoogleMaps (2.7.0):
    - GoogleMaps/Maps (= 2.7.0)
  - GoogleMaps/Base (2.7.0)
  - GoogleMaps/Maps (2.7.0):
    - GoogleMaps/Base
  - image_cropper (0.0.1):
    - Flutter
    - TOCropViewController (~> 2.5.1)
  - image_picker (0.0.1):
    - Flutter
  - TOCropViewController (2.5.1)
  - video_player (0.0.1):
    - Flutter

DEPENDENCIES:
  - Flutter (from `.symlinks/flutter/ios`)
  - google_maps_flutter (from `.symlinks/plugins/google_maps_flutter/ios`)
  - image_cropper (from `.symlinks/plugins/image_cropper/ios`)
  - image_picker (from `.symlinks/plugins/image_picker/ios`)
  - video_player (from `.symlinks/plugins/video_player/ios`)

SPEC REPOS:
  trunk:
    - GoogleMaps
    - TOCropViewController

EXTERNAL SOURCES:
  Flutter:
    :path: ".symlinks/flutter/ios"
  google_maps_flutter:
    :path: ".symlinks/plugins/google_maps_flutter/ios"
  image_cropper:
    :path: ".symlinks/plugins/image_cropper/ios"
  image_picker:
    :path: ".symlinks/plugins/image_picker/ios"
  video_player:
    :path: ".symlinks/plugins/video_player/ios"

SPEC CHECKSUMS:
  Flutter: 0e3d915762c693b495b44d77113d4970485de6ec
  google_maps_flutter: d0dd62f5a7d39bae61057eb9f52dd778d99c7c6c
  GoogleMaps: f79af95cb24d869457b1f961c93d3ce8b2f3b848
  image_cropper: 966bf742cd9cee8d78010ec5c67dd9e7826e6b19
  image_picker: e3eacd46b94694dde7cf2705955cece853aa1a8f
  TOCropViewController: 00dc36c4e4a0f4a45efa91adbf22df8a4fae01d3
  video_player: 69c5f029fac4ffe4fc8a85ea7f7b793709661549

PODFILE CHECKSUM: 7fb83752f59ead6285236625b82473f90b1cb932

COCOAPODS: 1.8.4
